
Microsoft Visual Studio Solution File, Format Version 12.00
# Visual Studio 2012
Project("{CC5FD16D-436D-48AD-A40C-5A424C6E3E79}") = "Demo.WF4.TestAzure", "Demo.WF4.TestAzure\Demo.WF4.TestAzure.ccproj", "{4124FFA5-05A6-40FC-8FF4-347B82B5C75F}"
EndProject
Project("{FAE04EC0-301F-11D3-BF4B-00C04F79EFBC}") = "Demo.WF4.WebRole", "Demo.WF4.WebRole\Demo.WF4.WebRole.csproj", "{5EA89700-A17C-4EF8-9A85-28C782495332}"
EndProject
Project("{FAE04EC0-301F-11D3-BF4B-00C04F79EFBC}") = "Demo.WF4.Activities", "Demo.WF4.Activities\Demo.WF4.Activities.csproj", "{C3271151-262A-4E99-A411-246A7652D01E}"
EndProject
Project("{FAE04EC0-301F-11D3-BF4B-00C04F79EFBC}") = "WF4.DurableInstancing.Azure", "MyLib.WF4.DurableInstancing.Azure\WF4.DurableInstancing.Azure.csproj", "{6CBB3E57-8347-4A00-9141-FB64931289E9}"
EndProject
Project("{2150E333-8FDC-42A3-9474-1A3956D46DE8}") = ".nuget", ".nuget", "{FF98A5CA-C018-4575-9A21-CA0765C027CB}"
	ProjectSection(SolutionItems) = preProject
		.nuget\NuGet.Config = .nuget\NuGet.Config
		.nuget\NuGet.exe = .nuget\NuGet.exe
		.nuget\NuGet.targets = .nuget\NuGet.targets
	EndProjectSection
EndProject
Global
	GlobalSection(SolutionConfigurationPlatforms) = preSolution
		Debug|Any CPU = Debug|Any CPU
		Release|Any CPU = Release|Any CPU
	EndGlobalSection
	GlobalSection(ProjectConfigurationPlatforms) = postSolution
		{4124FFA5-05A6-40FC-8FF4-347B82B5C75F}.Debug|Any CPU.ActiveCfg = Debug|Any CPU
		{4124FFA5-05A6-40FC-8FF4-347B82B5C75F}.Debug|Any CPU.Build.0 = Debug|Any CPU
		{4124FFA5-05A6-40FC-8FF4-347B82B5C75F}.Release|Any CPU.ActiveCfg = Release|Any CPU
		{4124FFA5-05A6-40FC-8FF4-347B82B5C75F}.Release|Any CPU.Build.0 = Release|Any CPU
		{5EA89700-A17C-4EF8-9A85-28C782495332}.Debug|Any CPU.ActiveCfg = Debug|Any CPU
		{5EA89700-A17C-4EF8-9A85-28C782495332}.Debug|Any CPU.Build.0 = Debug|Any CPU
		{5EA89700-A17C-4EF8-9A85-28C782495332}.Release|Any CPU.ActiveCfg = Release|Any CPU
		{5EA89700-A17C-4EF8-9A85-28C782495332}.Release|Any CPU.Build.0 = Release|Any CPU
		{C3271151-262A-4E99-A411-246A7652D01E}.Debug|Any CPU.ActiveCfg = Debug|Any CPU
		{C3271151-262A-4E99-A411-246A7652D01E}.Debug|Any CPU.Build.0 = Debug|Any CPU
		{C3271151-262A-4E99-A411-246A7652D01E}.Release|Any CPU.ActiveCfg = Release|Any CPU
		{C3271151-262A-4E99-A411-246A7652D01E}.Release|Any CPU.Build.0 = Release|Any CPU
		{6CBB3E57-8347-4A00-9141-FB64931289E9}.Debug|Any CPU.ActiveCfg = Debug|Any CPU
		{6CBB3E57-8347-4A00-9141-FB64931289E9}.Debug|Any CPU.Build.0 = Debug|Any CPU
		{6CBB3E57-8347-4A00-9141-FB64931289E9}.Release|Any CPU.ActiveCfg = Release|Any CPU
		{6CBB3E57-8347-4A00-9141-FB64931289E9}.Release|Any CPU.Build.0 = Release|Any CPU
	EndGlobalSection
	GlobalSection(SolutionProperties) = preSolution
		HideSolutionNode = FALSE
	EndGlobalSection
EndGlobal
